
Microsoft Visual Studio Solution File, Format Version 12.00
# Visual Studio 2013
VisualStudioVersion = 12.0.30501.0
MinimumVisualStudioVersion = 10.0.40219.1
Project("{FAE04EC0-301F-11D3-BF4B-00C04F79EFBC}") = "1. DirectoryTraverser", "1. DirectoryTraverser\1. DirectoryTraverser.csproj", "{23DEA0E8-2C75-4465-B502-9FCDDBD8504C}"
EndProject
Project("{FAE04EC0-301F-11D3-BF4B-00C04F79EFBC}") = "2. CentralCreditRegister", "2. CentralCreditRegister\2. CentralCreditRegister.csproj", "{3AD3FACD-A95C-414F-BAC7-7DAA6CF635F1}"
EndProject
Global
	GlobalSection(SolutionConfigurationPlatforms) = preSolution
		Debug|Any CPU = Debug|Any CPU
		Release|Any CPU = Release|Any CPU
	EndGlobalSection
	GlobalSection(ProjectConfigurationPlatforms) = postSolution
		{23DEA0E8-2C75-4465-B502-9FCDDBD8504C}.Debug|Any CPU.ActiveCfg = Debug|Any CPU
		{23DEA0E8-2C75-4465-B502-9FCDDBD8504C}.Debug|Any CPU.Build.0 = Debug|Any CPU
		{23DEA0E8-2C75-4465-B502-9FCDDBD8504C}.Release|Any CPU.ActiveCfg = Release|Any CPU
		{23DEA0E8-2C75-4465-B502-9FCDDBD8504C}.Release|Any CPU.Build.0 = Release|Any CPU
		{3AD3FACD-A95C-414F-BAC7-7DAA6CF635F1}.Debug|Any CPU.ActiveCfg = Debug|Any CPU
		{3AD3FACD-A95C-414F-BAC7-7DAA6CF635F1}.Debug|Any CPU.Build.0 = Debug|Any CPU
		{3AD3FACD-A95C-414F-BAC7-7DAA6CF635F1}.Release|Any CPU.ActiveCfg = Release|Any CPU
		{3AD3FACD-A95C-414F-BAC7-7DAA6CF635F1}.Release|Any CPU.Build.0 = Release|Any CPU
	EndGlobalSection
	GlobalSection(SolutionProperties) = preSolution
		HideSolutionNode = FALSE
	EndGlobalSection
EndGlobal
